
Microsoft Visual Studio Solution File, Format Version 12.00
# Visual Studio Version 17
VisualStudioVersion = 17.11.35222.181
MinimumVisualStudioVersion = 10.0.40219.1
Project("{FAE04EC0-301F-11D3-BF4B-00C04F79EFBC}") = "PhongTro", "PhongTro\PhongTro.csproj", "{22176574-9F8E-44ED-9FAC-7A623C40EBFE}"
EndProject
Global
	GlobalSection(SolutionConfigurationPlatforms) = preSolution
		Debug|Any CPU = Debug|Any CPU
		Release|Any CPU = Release|Any CPU
	EndGlobalSection
	GlobalSection(ProjectConfigurationPlatforms) = postSolution
		{22176574-9F8E-44ED-9FAC-7A623C40EBFE}.Debug|Any CPU.ActiveCfg = Debug|Any CPU
		{22176574-9F8E-44ED-9FAC-7A623C40EBFE}.Debug|Any CPU.Build.0 = Debug|Any CPU
		{22176574-9F8E-44ED-9FAC-7A623C40EBFE}.Release|Any CPU.ActiveCfg = Release|Any CPU
		{22176574-9F8E-44ED-9FAC-7A623C40EBFE}.Release|Any CPU.Build.0 = Release|Any CPU
	EndGlobalSection
	GlobalSection(SolutionProperties) = preSolution
		HideSolutionNode = FALSE
	EndGlobalSection
	GlobalSection(ExtensibilityGlobals) = postSolution
		SolutionGuid = {A7B1E14C-A04A-4CE4-82AF-2C650449B454}
	EndGlobalSection
EndGlobal
